
Microsoft Visual Studio Solution File, Format Version 12.00
# Visual Studio Version 17
VisualStudioVersion = 17.6.33829.357
MinimumVisualStudioVersion = 10.0.40219.1
Project("{FAE04EC0-301F-11D3-BF4B-00C04F79EFBC}") = "ChatSISDIS", "ChatSISDIS.csproj", "{16DF19D7-9785-44CF-A251-93A41CDC1739}"
EndProject
Global
	GlobalSection(SolutionConfigurationPlatforms) = preSolution
		Debug|Any CPU = Debug|Any CPU
		Release|Any CPU = Release|Any CPU
	EndGlobalSection
	GlobalSection(ProjectConfigurationPlatforms) = postSolution
		{16DF19D7-9785-44CF-A251-93A41CDC1739}.Debug|Any CPU.ActiveCfg = Debug|Any CPU
		{16DF19D7-9785-44CF-A251-93A41CDC1739}.Debug|Any CPU.Build.0 = Debug|Any CPU
		{16DF19D7-9785-44CF-A251-93A41CDC1739}.Release|Any CPU.ActiveCfg = Release|Any CPU
		{16DF19D7-9785-44CF-A251-93A41CDC1739}.Release|Any CPU.Build.0 = Release|Any CPU
	EndGlobalSection
	GlobalSection(SolutionProperties) = preSolution
		HideSolutionNode = FALSE
	EndGlobalSection
	GlobalSection(ExtensibilityGlobals) = postSolution
		SolutionGuid = {6202338D-E95F-4853-A90C-9BCC4BB99527}
	EndGlobalSection
EndGlobal
